// !$*UTF8*$!
{
	archiveVersion = 1;
	classes = {
	};
	objectVersion = 50;
	objects = {

/* Begin PBXBuildFile section */
		148A5E812192B49C009C6285 /* AppDelegate.swift in Sources */ = {isa = PBXBuildFile; fileRef = 148A5E802192B49C009C6285 /* AppDelegate.swift */; };
		148A5E832192B49C009C6285 /* ViewController.swift in Sources */ = {isa = PBXBuildFile; fileRef = 148A5E822192B49C009C6285 /* ViewController.swift */; };
		148A5E862192B49C009C6285 /* Main.storyboard in Resources */ = {isa = PBXBuildFile; fileRef = 148A5E842192B49C009C6285 /* Main.storyboard */; };
		148A5E882192B4A4009C6285 /* Assets.xcassets in Resources */ = {isa = PBXBuildFile; fileRef = 148A5E872192B4A4009C6285 /* Assets.xcassets */; };
		148A5E8B2192B4A4009C6285 /* LaunchScreen.storyboard in Resources */ = {isa = PBXBuildFile; fileRef = 148A5E892192B4A4009C6285 /* LaunchScreen.storyboard */; };
		148A5E932192B6FB009C6285 /* Extensions+UIView.swift in Sources */ = {isa = PBXBuildFile; fileRef = 148A5E922192B6FB009C6285 /* Extensions+UIView.swift */; };
/* End PBXBuildFile section */

/* Begin PBXFileReference section */
		148A5E7D2192B49C009C6285 /* UIViewPropertyAnimatorBlurEffect.app */ = {isa = PBXFileReference; explicitFileType = wrapper.application; includeInIndex = 0; path = UIViewPropertyAnimatorBlurEffect.app; sourceTree = BUILT_PRODUCTS_DIR; };
		148A5E802192B49C009C6285 /* AppDelegate.swift */ = {isa = PBXFileReference; lastKnownFileType = sourcecode.swift; path = AppDelegate.swift; sourceTree = "<group>"; };
		148A5E822192B49C009C6285 /* ViewController.swift */ = {isa = PBXFileReference; lastKnownFileType = sourcecode.swift; path = ViewController.swift; sourceTree = "<group>"; };
		148A5E852192B49C009C6285 /* Base */ = {isa = PBXFileReference; lastKnownFileType = file.storyboard; name = Base; path = Base.lproj/Main.storyboard; sourceTree = "<group>"; };
		148A5E872192B4A4009C6285 /* Assets.xcassets */ = {isa = PBXFileReference; lastKnownFileType = folder.assetcatalog; path = Assets.xcassets; sourceTree = "<group>"; };
		148A5E8A2192B4A4009C6285 /* Base */ = {isa = PBXFileReference; lastKnownFileType = file.storyboard; name = Base; path = Base.lproj/LaunchScreen.storyboard; sourceTree = "<group>"; };
		148A5E8C2192B4A4009C6285 /* Info.plist */ = {isa = PBXFileReference; lastKnownFileType = text.plist.xml; path = Info.plist; sourceTree = "<group>"; };
		148A5E922192B6FB009C6285 /* Extensions+UIView.swift */ = {isa = PBXFileReference; fileEncoding = 4; lastKnownFileType = sourcecode.swift; path = "Extensions+UIView.swift"; sourceTree = "<group>"; };
/* End PBXFileReference section */

/* Begin PBXFrameworksBuildPhase section */
		148A5E7A2192B49C009C6285 /* Frameworks */ = {
			isa = PBXFrameworksBuildPhase;
			buildActionMask = 2147483647;
			files = (
			);
			runOnlyForDeploymentPostprocessing = 0;
		};
/* End PBXFrameworksBuildPhase section */

/* Begin PBXGroup section */
		148A5E742192B49C009C6285 = {
			isa = PBXGroup;
			children = (
				148A5E7F2192B49C009C6285 /* UIViewPropertyAnimatorBlurEffect */,
				148A5E7E2192B49C009C6285 /* Products */,
			);
			sourceTree = "<group>";
		};
		148A5E7E2192B49C009C6285 /* Products */ = {
			isa = PBXGroup;
			children = (
				148A5E7D2192B49C009C6285 /* UIViewPropertyAnimatorBlurEffect.app */,
			);
			name = Products;
			sourceTree = "<group>";
		};
		148A5E7F2192B49C009C6285 /* UIViewPropertyAnimatorBlurEffect */ = {
			isa = PBXGroup;
			children = (
				148A5E802192B49C009C6285 /* AppDelegate.swift */,
				148A5E822192B49C009C6285 /* ViewController.swift */,
				148A5E922192B6FB009C6285 /* Extensions+UIView.swift */,
				148A5E842192B49C009C6285 /* Main.storyboard */,
				148A5E872192B4A4009C6285 /* Assets.xcassets */,
				148A5E892192B4A4009C6285 /* LaunchScreen.storyboard */,
				148A5E8C2192B4A4009C6285 /* Info.plist */,
			);
			path = UIViewPropertyAnimatorBlurEffect;
			sourceTree = "<group>";
		};
/* End PBXGroup section */

/* Begin PBXNativeTarget section */
		148A5E7C2192B49C009C6285 /* UIViewPropertyAnimatorBlurEffect */ = {
			isa = PBXNativeTarget;
			buildConfigurationList = 148A5E8F2192B4A4009C6285 /* Build configuration list for PBXNativeTarget "UIViewPropertyAnimatorBlurEffect" */;
			buildPhases = (
				148A5E792192B49C009C6285 /* Sources */,
				148A5E7A2192B49C009C6285 /* Frameworks */,
				148A5E7B2192B49C009C6285 /* Resources */,
			);
			buildRules = (
			);
			dependencies = (
			);
			name = UIViewPropertyAnimatorBlurEffect;
			productName = UIViewPropertyAnimatorBlurEffect;
			productReference = 148A5E7D2192B49C009C6285 /* UIViewPropertyAnimatorBlurEffect.app */;
			productType = "com.apple.product-type.application";
		};
/* End PBXNativeTarget section */

/* Begin PBXProject section */
		148A5E752192B49C009C6285 /* Project object */ = {
			isa = PBXProject;
			attributes = {
				LastSwiftUpdateCheck = 1000;
				LastUpgradeCheck = 1000;
				ORGANIZATIONNAME = SEAN;
				TargetAttributes = {
					148A5E7C2192B49C009C6285 = {
						CreatedOnToolsVersion = 10.0;
					};
				};
			};
			buildConfigurationList = 148A5E782192B49C009C6285 /* Build configuration list for PBXProject "UIViewPropertyAnimatorBlurEffect" */;
			compatibilityVersion = "Xcode 9.3";
			developmentRegion = en;
			hasScannedForEncodings = 0;
			knownRegions = (
				en,
				Base,
			);
			mainGroup = 148A5E742192B49C009C6285;
			productRefGroup = 148A5E7E2192B49C009C6285 /* Products */;
			projectDirPath = "";
			projectRoot = "";
			targets = (
				148A5E7C2192B49C009C6285 /* UIViewPropertyAnimatorBlurEffect */,
			);
		};
/* End PBXProject section */

/* Begin PBXResourcesBuildPhase section */
		148A5E7B2192B49C009C6285 /* Resources */ = {
			isa = PBXResourcesBuildPhase;
			buildActionMask = 2147483647;
			files = (
				148A5E8B2192B4A4009C6285 /* LaunchScreen.storyboard in Resources */,
				148A5E882192B4A4009C6285 /* Assets.xcassets in Resources */,
				148A5E862192B49C009C6285 /* Main.storyboard in Resources */,
			);
			runOnlyForDeploymentPostprocessing = 0;
		};
/* End PBXResourcesBuildPhase section */

/* Begin PBXSourcesBuildPhase section */
		148A5E792192B49C009C6285 /* Sources */ = {
			isa = PBXSourcesBuildPhase;
			buildActionMask = 2147483647;
			files = (
				148A5E832192B49C009C6285 /* ViewController.swift in Sources */,
				148A5E812192B49C009C6285 /* AppDelegate.swift in Sources */,
				148A5E932192B6FB009C6285 /* Extensions+UIView.swift in Sources */,
			);
			runOnlyForDeploymentPostprocessing = 0;
		};
/* End PBXSourcesBuildPhase section */

/* Begin PBXVariantGroup section */
		148A5E842192B49C009C6285 /* Main.storyboard */ = {
			isa = PBXVariantGroup;
			children = (
				148A5E852192B49C009C6285 /* Base */,
			);
			name = Main.storyboard;
			sourceTree = "<group>";
		};
		148A5E892192B4A4009C6285 /* LaunchScreen.storyboard */ = {
			isa = PBXVariantGroup;
			children = (
				148A5E8A2192B4A4009C6285 /* Base */,
			);
			name = LaunchScreen.storyboard;
			sourceTree = "<group>";
		};
/* End PBXVariantGroup section */

/* Begin XCBuildConfiguration section */
		148A5E8D2192B4A4009C6285 /* Debug */ = {
			isa = XCBuildConfiguration;
			buildSettings = {
				ALWAYS_SEARCH_USER_PATHS = NO;
				CLANG_ANALYZER_NONNULL = YES;
				CLANG_ANALYZER_NUMBER_OBJECT_CONVERSION = YES_AGGRESSIVE;
				CLANG_CXX_LANGUAGE_STANDARD = "gnu++14";
				CLANG_CXX_LIBRARY = "libc++";
				CLANG_ENABLE_MODULES = YES;
				CLANG_ENABLE_OBJC_ARC = YES;
				CLANG_ENABLE_OBJC_WEAK = YES;
				CLANG_WARN_BLOCK_CAPTURE_AUTORELEASING = YES;
				CLANG_WARN_BOOL_CONVERSION = YES;
				CLANG_WARN_COMMA = YES;
				CLANG_WARN_CONSTANT_CONVERSION = YES;
				CLANG_WARN_DEPRECATED_OBJC_IMPLEMENTATIONS = YES;
				CLANG_WARN_DIRECT_OBJC_ISA_USAGE = YES_ERROR;
				CLANG_WARN_DOCUMENTATION_COMMENTS = YES;
				CLANG_WARN_EMPTY_BODY = YES;
				CLANG_WARN_ENUM_CONVERSION = YES;
				CLANG_WARN_INFINITE_RECURSION = YES;
				CLANG_WARN_INT_CONVERSION = YES;
				CLANG_WARN_NON_LITERAL_NULL_CONVERSION = YES;
				CLANG_WARN_OBJC_IMPLICIT_RETAIN_SELF = YES;
				CLANG_WARN_OBJC_LITERAL_CONVERSION = YES;
				CLANG_WARN_OBJC_ROOT_CLASS = YES_ERROR;
				CLANG_WARN_RANGE_LOOP_ANALYSIS = YES;
				CLANG_WARN_STRICT_PROTOTYPES = YES;
				CLANG_WARN_SUSPICIOUS_MOVE = YES;
				CLANG_WARN_UNGUARDED_AVAILABILITY = YES_AGGRESSIVE;
				CLANG_WARN_UNREACHABLE_CODE = YES;
				CLANG_WARN__DUPLICATE_METHOD_MATCH = YES;
				CODE_SIGN_IDENTITY = "iPhone Developer";
				COPY_PHASE_STRIP = NO;
				DEBUG_INFORMATION_FORMAT = dwarf;
				ENABLE_STRICT_OBJC_MSGSEND = YES;
				ENABLE_TESTABILITY = YES;
				GCC_C_LANGUAGE_STANDARD = gnu11;
				GCC_DYNAMIC_NO_PIC = NO;
				GCC_NO_COMMON_BLOCKS = YES;
				GCC_OPTIMIZATION_LEVEL = 0;
				GCC_PREPROCESSOR_DEFINITIONS = (
					"DEBUG=1",
					"$(inherited)",
				);
				GCC_WARN_64_TO_32_BIT_CONVERSION = YES;
				GCC_WARN_ABOUT_RETURN_TYPE = YES_ERROR;
				GCC_WARN_UNDECLARED_SELECTOR = YES;
				GCC_WARN_UNINITIALIZED_AUTOS = YES_AGGRESSIVE;
				GCC_WARN_UNUSED_FUNCTION = YES;
				GCC_WARN_UNUSED_VARIABLE = YES;
				IPHONEOS_DEPLOYMENT_TARGET = 12.0;
				MTL_ENABLE_DEBUG_INFO = INCLUDE_SOURCE;
				MTL_FAST_MATH = YES;
				ONLY_ACTIVE_ARCH = YES;
				SDKROOT = iphoneos;
				SWIFT_ACTIVE_COMPILATION_CONDITIONS = DEBUG;
				SWIFT_OPTIMIZATION_LEVEL = "-Onone";
			};
			name = Debug;
		};
		148A5E8E2192B4A4009C6285 /* Release */ = {
			isa = XCBuildConfiguration;
			buildSettings = {
				ALWAYS_SEARCH_USER_PATHS = NO;
				CLANG_ANALYZER_NONNULL = YES;
				CLANG_ANALYZER_NUMBER_OBJECT_CONVERSION = YES_AGGRESSIVE;
				CLANG_CXX_LANGUAGE_STANDARD = "gnu++14";
				CLANG_CXX_LIBRARY = "libc++";
				CLANG_ENABLE_MODULES = YES;
				CLANG_ENABLE_OBJC_ARC = YES;
				CLANG_ENABLE_OBJC_WEAK = YES;
				CLANG_WARN_BLOCK_CAPTURE_AUTORELEASING = YES;
				CLANG_WARN_BOOL_CONVERSION = YES;
				CLANG_WARN_COMMA = YES;
				CLANG_WARN_CONSTANT_CONVERSION = YES;
				CLANG_WARN_DEPRECATED_OBJC_IMPLEMENTATIONS = YES;
				CLANG_WARN_DIRECT_OBJC_ISA_USAGE = YES_ERROR;
				CLANG_WARN_DOCUMENTATION_COMMENTS = YES;
				CLANG_WARN_EMPTY_BODY = YES;
				CLANG_WARN_ENUM_CONVERSION = YES;
				CLANG_WARN_INFINITE_RECURSION = YES;
				CLANG_WARN_INT_CONVERSION = YES;
				CLANG_WARN_NON_LITERAL_NULL_CONVERSION = YES;
				CLANG_WARN_OBJC_IMPLICIT_RETAIN_SELF = YES;
				CLANG_WARN_OBJC_LITERAL_CONVERSION = YES;
				CLANG_WARN_OBJC_ROOT_CLASS = YES_ERROR;
				CLANG_WARN_RANGE_LOOP_ANALYSIS = YES;
				CLANG_WARN_STRICT_PROTOTYPES = YES;
				CLANG_WARN_SUSPICIOUS_MOVE = YES;
				CLANG_WARN_UNGUARDED_AVAILABILITY = YES_AGGRESSIVE;
				CLANG_WARN_UNREACHABLE_CODE = YES;
				CLANG_WARN__DUPLICATE_METHOD_MATCH = YES;
				CODE_SIGN_IDENTITY = "iPhone Developer";
				COPY_PHASE_STRIP = NO;
				DEBUG_INFORMATION_FORMAT = "dwarf-with-dsym";
				ENABLE_NS_ASSERTIONS = NO;
				ENABLE_STRICT_OBJC_MSGSEND = YES;
				GCC_C_LANGUAGE_STANDARD = gnu11;
				GCC_NO_COMMON_BLOCKS = YES;
				GCC_WARN_64_TO_32_BIT_CONVERSION = YES;
				GCC_WARN_ABOUT_RETURN_TYPE = YES_ERROR;
				GCC_WARN_UNDECLARED_SELECTOR = YES;
				GCC_WARN_UNINITIALIZED_AUTOS = YES_AGGRESSIVE;
				GCC_WARN_UNUSED_FUNCTION = YES;
				GCC_WARN_UNUSED_VARIABLE = YES;
				IPHONEOS_DEPLOYMENT_TARGET = 12.0;
				MTL_ENABLE_DEBUG_INFO = NO;
				MTL_FAST_MATH = YES;
				SDKROOT = iphoneos;
				SWIFT_COMPILATION_MODE = wholemodule;
				SWIFT_OPTIMIZATION_LEVEL = "-O";
				VALIDATE_PRODUCT = YES;
			};
			name = Release;
		};
		148A5E902192B4A4009C6285 /* Debug */ = {
			isa = XCBuildConfiguration;
			buildSettings = {
				ASSETCATALOG_COMPILER_APPICON_NAME = AppIcon;
				CODE_SIGN_STYLE = Automatic;
				DEVELOPMENT_TEAM = 3C8CYW7DN6;
				INFOPLIST_FILE = UIViewPropertyAnimatorBlurEffect/Info.plist;
				LD_RUNPATH_SEARCH_PATHS = (
					"$(inherited)",
					"@executable_path/Frameworks",
				);
				PRODUCT_BUNDLE_IDENTIFIER = seanlin.UIViewPropertyAnimatorBlurEffect;
				PRODUCT_NAME = "$(TARGET_NAME)";
				SWIFT_VERSION = 4.2;
				TARGETED_DEVICE_FAMILY = "1,2";
			};
			name = Debug;
		};
		148A5E912192B4A4009C6285 /* Release */ = {
			isa = XCBuildConfiguration;
			buildSettings = {
				ASSETCATALOG_COMPILER_APPICON_NAME = AppIcon;
				CODE_SIGN_STYLE = Automatic;
				DEVELOPMENT_TEAM = 3C8CYW7DN6;
				INFOPLIST_FILE = UIViewPropertyAnimatorBlurEffect/Info.plist;
				LD_RUNPATH_SEARCH_PATHS = (
					"$(inherited)",
					"@executable_path/Frameworks",
				);
				PRODUCT_BUNDLE_IDENTIFIER = seanlin.UIViewPropertyAnimatorBlurEffect;
				PRODUCT_NAME = "$(TARGET_NAME)";
				SWIFT_VERSION = 4.2;
				TARGETED_DEVICE_FAMILY = "1,2";
			};
			name = Release;
		};
/* End XCBuildConfiguration section */

/* Begin XCConfigurationList section */
		148A5E782192B49C009C6285 /* Build configuration list for PBXProject "UIViewPropertyAnimatorBlurEffect" */ = {
			isa = XCConfigurationList;
			buildConfigurations = (
				148A5E8D2192B4A4009C6285 /* Debug */,
				148A5E8E2192B4A4009C6285 /* Release */,
			);
			defaultConfigurationIsVisible = 0;
			defaultConfigurationName = Release;
		};
		148A5E8F2192B4A4009C6285 /* Build configuration list for PBXNativeTarget "UIViewPropertyAnimatorBlurEffect" */ = {
			isa = XCConfigurationList;
			buildConfigurations = (
				148A5E902192B4A4009C6285 /* Debug */,
				148A5E912192B4A4009C6285 /* Release */,
			);
			defaultConfigurationIsVisible = 0;
			defaultConfigurationName = Release;
		};
/* End XCConfigurationList section */
	};
	rootObject = 148A5E752192B49C009C6285 /* Project object */;
}
